
Microsoft Visual Studio Solution File, Format Version 12.00
# Visual Studio Version 17
VisualStudioVersion = 17.10.34607.79
MinimumVisualStudioVersion = 10.0.40219.1
Project("{FAE04EC0-301F-11D3-BF4B-00C04F79EFBC}") = "login", "login.csproj", "{83237394-EBF4-4BF8-AF62-7ABC5257201A}"
EndProject
Global
	GlobalSection(SolutionConfigurationPlatforms) = preSolution
		Debug|Any CPU = Debug|Any CPU
		Release|Any CPU = Release|Any CPU
	EndGlobalSection
	GlobalSection(ProjectConfigurationPlatforms) = postSolution
		{83237394-EBF4-4BF8-AF62-7ABC5257201A}.Debug|Any CPU.ActiveCfg = Debug|Any CPU
		{83237394-EBF4-4BF8-AF62-7ABC5257201A}.Debug|Any CPU.Build.0 = Debug|Any CPU
		{83237394-EBF4-4BF8-AF62-7ABC5257201A}.Release|Any CPU.ActiveCfg = Release|Any CPU
		{83237394-EBF4-4BF8-AF62-7ABC5257201A}.Release|Any CPU.Build.0 = Release|Any CPU
	EndGlobalSection
	GlobalSection(SolutionProperties) = preSolution
		HideSolutionNode = FALSE
	EndGlobalSection
	GlobalSection(ExtensibilityGlobals) = postSolution
		SolutionGuid = {CE4D5D94-D8B1-42E1-829C-8918AD58708E}
	EndGlobalSection
EndGlobal
