
Microsoft Visual Studio Solution File, Format Version 12.00
# Visual Studio Version 17
VisualStudioVersion = 17.10.34607.79
MinimumVisualStudioVersion = 10.0.40219.1
Project("{FAE04EC0-301F-11D3-BF4B-00C04F79EFBC}") = "loginIndian", "loginIndian.csproj", "{EBCA0DD2-3A39-46F4-A7C3-2FA94B7BF1AD}"
EndProject
Global
	GlobalSection(SolutionConfigurationPlatforms) = preSolution
		Debug|Any CPU = Debug|Any CPU
		Release|Any CPU = Release|Any CPU
	EndGlobalSection
	GlobalSection(ProjectConfigurationPlatforms) = postSolution
		{EBCA0DD2-3A39-46F4-A7C3-2FA94B7BF1AD}.Debug|Any CPU.ActiveCfg = Debug|Any CPU
		{EBCA0DD2-3A39-46F4-A7C3-2FA94B7BF1AD}.Debug|Any CPU.Build.0 = Debug|Any CPU
		{EBCA0DD2-3A39-46F4-A7C3-2FA94B7BF1AD}.Release|Any CPU.ActiveCfg = Release|Any CPU
		{EBCA0DD2-3A39-46F4-A7C3-2FA94B7BF1AD}.Release|Any CPU.Build.0 = Release|Any CPU
	EndGlobalSection
	GlobalSection(SolutionProperties) = preSolution
		HideSolutionNode = FALSE
	EndGlobalSection
	GlobalSection(ExtensibilityGlobals) = postSolution
		SolutionGuid = {C0667A23-A26D-478E-831B-4222B839F584}
	EndGlobalSection
EndGlobal
